
Microsoft Visual Studio Solution File, Format Version 12.00
Project("{2150E333-8FDC-42A3-9474-1A3956D46DE8}") = "src", "src", "{19C70700-CA12-4CFE-9755-67705EDDE546}"
EndProject
Project("{2150E333-8FDC-42A3-9474-1A3956D46DE8}") = "tests", "tests", "{1F799B9C-F732-4C14-B011-9A7AB2C8A646}"
EndProject
Project("{2150E333-8FDC-42A3-9474-1A3956D46DE8}") = "UI", "UI", "{749CAE9C-3A41-4179-9CAC-42145F36B0A8}"
EndProject
Project("{2150E333-8FDC-42A3-9474-1A3956D46DE8}") = "Core", "Core", "{70F2DC3B-26AD-4275-A019-38A2C6B6A0ED}"
EndProject
Project("{2150E333-8FDC-42A3-9474-1A3956D46DE8}") = "Infrastructure", "Infrastructure", "{937C74AB-35E1-43C7-B0A3-BF7F5C4C7688}"
EndProject
Project("{2150E333-8FDC-42A3-9474-1A3956D46DE8}") = "API", "API", "{4DEB1C24-1308-406F-BFE9-8719B7D2273C}"
EndProject
Project("{FAE04EC0-301F-11D3-BF4B-00C04F79EFBC}") = "HR.LeaveManagement.Domain", "HR.LeaveManagement.Domain\HR.LeaveManagement.Domain.csproj", "{7FF59EC6-A7E6-4972-AC95-44D7845026CC}"
EndProject
Project("{FAE04EC0-301F-11D3-BF4B-00C04F79EFBC}") = "HR.LeaveManagement.Application", "HR.LeaveManagement.Application\HR.LeaveManagement.Application.csproj", "{8C008D56-C294-4F03-9C00-EDC2B3CED3DB}"
EndProject
Project("{FAE04EC0-301F-11D3-BF4B-00C04F79EFBC}") = "HR.LeaveManagement.Persistence", "HR.LeaveManagement.Persistence\HR.LeaveManagement.Persistence.csproj", "{6E84174A-73A7-4745-8119-91C1FFA67EF7}"
EndProject
Project("{FAE04EC0-301F-11D3-BF4B-00C04F79EFBC}") = "HR.LeaveManagement.Infrastructure", "src\Infrastructure\HR.LeaveManagement.Infrastructure\HR.LeaveManagement.Infrastructure.csproj", "{A8FE7191-8F64-4FCF-B92B-DADD2AEB5B52}"
EndProject
Project("{FAE04EC0-301F-11D3-BF4B-00C04F79EFBC}") = "HR.LeaveManagement.Api", "src\HR.LeaveManagement.Api\HR.LeaveManagement.Api.csproj", "{28920245-3D96-47F7-96F5-2476D9510341}"
EndProject
Global
	GlobalSection(SolutionConfigurationPlatforms) = preSolution
		Debug|Any CPU = Debug|Any CPU
		Debug|x64 = Debug|x64
		Debug|x86 = Debug|x86
		Release|Any CPU = Release|Any CPU
		Release|x64 = Release|x64
		Release|x86 = Release|x86
	EndGlobalSection
	GlobalSection(ProjectConfigurationPlatforms) = postSolution
		{7FF59EC6-A7E6-4972-AC95-44D7845026CC}.Debug|Any CPU.ActiveCfg = Debug|Any CPU
		{7FF59EC6-A7E6-4972-AC95-44D7845026CC}.Debug|Any CPU.Build.0 = Debug|Any CPU
		{7FF59EC6-A7E6-4972-AC95-44D7845026CC}.Debug|x64.ActiveCfg = Debug|Any CPU
		{7FF59EC6-A7E6-4972-AC95-44D7845026CC}.Debug|x64.Build.0 = Debug|Any CPU
		{7FF59EC6-A7E6-4972-AC95-44D7845026CC}.Debug|x86.ActiveCfg = Debug|Any CPU
		{7FF59EC6-A7E6-4972-AC95-44D7845026CC}.Debug|x86.Build.0 = Debug|Any CPU
		{7FF59EC6-A7E6-4972-AC95-44D7845026CC}.Release|Any CPU.ActiveCfg = Release|Any CPU
		{7FF59EC6-A7E6-4972-AC95-44D7845026CC}.Release|Any CPU.Build.0 = Release|Any CPU
		{7FF59EC6-A7E6-4972-AC95-44D7845026CC}.Release|x64.ActiveCfg = Release|Any CPU
		{7FF59EC6-A7E6-4972-AC95-44D7845026CC}.Release|x64.Build.0 = Release|Any CPU
		{7FF59EC6-A7E6-4972-AC95-44D7845026CC}.Release|x86.ActiveCfg = Release|Any CPU
		{7FF59EC6-A7E6-4972-AC95-44D7845026CC}.Release|x86.Build.0 = Release|Any CPU
		{8C008D56-C294-4F03-9C00-EDC2B3CED3DB}.Debug|Any CPU.ActiveCfg = Debug|Any CPU
		{8C008D56-C294-4F03-9C00-EDC2B3CED3DB}.Debug|Any CPU.Build.0 = Debug|Any CPU
		{8C008D56-C294-4F03-9C00-EDC2B3CED3DB}.Debug|x64.ActiveCfg = Debug|Any CPU
		{8C008D56-C294-4F03-9C00-EDC2B3CED3DB}.Debug|x64.Build.0 = Debug|Any CPU
		{8C008D56-C294-4F03-9C00-EDC2B3CED3DB}.Debug|x86.ActiveCfg = Debug|Any CPU
		{8C008D56-C294-4F03-9C00-EDC2B3CED3DB}.Debug|x86.Build.0 = Debug|Any CPU
		{8C008D56-C294-4F03-9C00-EDC2B3CED3DB}.Release|Any CPU.ActiveCfg = Release|Any CPU
		{8C008D56-C294-4F03-9C00-EDC2B3CED3DB}.Release|Any CPU.Build.0 = Release|Any CPU
		{8C008D56-C294-4F03-9C00-EDC2B3CED3DB}.Release|x64.ActiveCfg = Release|Any CPU
		{8C008D56-C294-4F03-9C00-EDC2B3CED3DB}.Release|x64.Build.0 = Release|Any CPU
		{8C008D56-C294-4F03-9C00-EDC2B3CED3DB}.Release|x86.ActiveCfg = Release|Any CPU
		{8C008D56-C294-4F03-9C00-EDC2B3CED3DB}.Release|x86.Build.0 = Release|Any CPU
		{6E84174A-73A7-4745-8119-91C1FFA67EF7}.Debug|Any CPU.ActiveCfg = Debug|Any CPU
		{6E84174A-73A7-4745-8119-91C1FFA67EF7}.Debug|Any CPU.Build.0 = Debug|Any CPU
		{6E84174A-73A7-4745-8119-91C1FFA67EF7}.Debug|x64.ActiveCfg = Debug|Any CPU
		{6E84174A-73A7-4745-8119-91C1FFA67EF7}.Debug|x64.Build.0 = Debug|Any CPU
		{6E84174A-73A7-4745-8119-91C1FFA67EF7}.Debug|x86.ActiveCfg = Debug|Any CPU
		{6E84174A-73A7-4745-8119-91C1FFA67EF7}.Debug|x86.Build.0 = Debug|Any CPU
		{6E84174A-73A7-4745-8119-91C1FFA67EF7}.Release|Any CPU.ActiveCfg = Release|Any CPU
		{6E84174A-73A7-4745-8119-91C1FFA67EF7}.Release|Any CPU.Build.0 = Release|Any CPU
		{6E84174A-73A7-4745-8119-91C1FFA67EF7}.Release|x64.ActiveCfg = Release|Any CPU
		{6E84174A-73A7-4745-8119-91C1FFA67EF7}.Release|x64.Build.0 = Release|Any CPU
		{6E84174A-73A7-4745-8119-91C1FFA67EF7}.Release|x86.ActiveCfg = Release|Any CPU
		{6E84174A-73A7-4745-8119-91C1FFA67EF7}.Release|x86.Build.0 = Release|Any CPU
		{A8FE7191-8F64-4FCF-B92B-DADD2AEB5B52}.Debug|Any CPU.ActiveCfg = Debug|Any CPU
		{A8FE7191-8F64-4FCF-B92B-DADD2AEB5B52}.Debug|Any CPU.Build.0 = Debug|Any CPU
		{A8FE7191-8F64-4FCF-B92B-DADD2AEB5B52}.Debug|x64.ActiveCfg = Debug|Any CPU
		{A8FE7191-8F64-4FCF-B92B-DADD2AEB5B52}.Debug|x64.Build.0 = Debug|Any CPU
		{A8FE7191-8F64-4FCF-B92B-DADD2AEB5B52}.Debug|x86.ActiveCfg = Debug|Any CPU
		{A8FE7191-8F64-4FCF-B92B-DADD2AEB5B52}.Debug|x86.Build.0 = Debug|Any CPU
		{A8FE7191-8F64-4FCF-B92B-DADD2AEB5B52}.Release|Any CPU.ActiveCfg = Release|Any CPU
		{A8FE7191-8F64-4FCF-B92B-DADD2AEB5B52}.Release|Any CPU.Build.0 = Release|Any CPU
		{A8FE7191-8F64-4FCF-B92B-DADD2AEB5B52}.Release|x64.ActiveCfg = Release|Any CPU
		{A8FE7191-8F64-4FCF-B92B-DADD2AEB5B52}.Release|x64.Build.0 = Release|Any CPU
		{A8FE7191-8F64-4FCF-B92B-DADD2AEB5B52}.Release|x86.ActiveCfg = Release|Any CPU
		{A8FE7191-8F64-4FCF-B92B-DADD2AEB5B52}.Release|x86.Build.0 = Release|Any CPU
		{28920245-3D96-47F7-96F5-2476D9510341}.Debug|Any CPU.ActiveCfg = Debug|Any CPU
		{28920245-3D96-47F7-96F5-2476D9510341}.Debug|Any CPU.Build.0 = Debug|Any CPU
		{28920245-3D96-47F7-96F5-2476D9510341}.Debug|x64.ActiveCfg = Debug|Any CPU
		{28920245-3D96-47F7-96F5-2476D9510341}.Debug|x64.Build.0 = Debug|Any CPU
		{28920245-3D96-47F7-96F5-2476D9510341}.Debug|x86.ActiveCfg = Debug|Any CPU
		{28920245-3D96-47F7-96F5-2476D9510341}.Debug|x86.Build.0 = Debug|Any CPU
		{28920245-3D96-47F7-96F5-2476D9510341}.Release|Any CPU.ActiveCfg = Release|Any CPU
		{28920245-3D96-47F7-96F5-2476D9510341}.Release|Any CPU.Build.0 = Release|Any CPU
		{28920245-3D96-47F7-96F5-2476D9510341}.Release|x64.ActiveCfg = Release|Any CPU
		{28920245-3D96-47F7-96F5-2476D9510341}.Release|x64.Build.0 = Release|Any CPU
		{28920245-3D96-47F7-96F5-2476D9510341}.Release|x86.ActiveCfg = Release|Any CPU
		{28920245-3D96-47F7-96F5-2476D9510341}.Release|x86.Build.0 = Release|Any CPU
	EndGlobalSection
	GlobalSection(SolutionProperties) = preSolution
		HideSolutionNode = FALSE
	EndGlobalSection
	GlobalSection(NestedProjects) = preSolution
		{749CAE9C-3A41-4179-9CAC-42145F36B0A8} = {19C70700-CA12-4CFE-9755-67705EDDE546}
		{70F2DC3B-26AD-4275-A019-38A2C6B6A0ED} = {19C70700-CA12-4CFE-9755-67705EDDE546}
		{937C74AB-35E1-43C7-B0A3-BF7F5C4C7688} = {19C70700-CA12-4CFE-9755-67705EDDE546}
		{4DEB1C24-1308-406F-BFE9-8719B7D2273C} = {19C70700-CA12-4CFE-9755-67705EDDE546}
		{7FF59EC6-A7E6-4972-AC95-44D7845026CC} = {70F2DC3B-26AD-4275-A019-38A2C6B6A0ED}
		{8C008D56-C294-4F03-9C00-EDC2B3CED3DB} = {70F2DC3B-26AD-4275-A019-38A2C6B6A0ED}
		{6E84174A-73A7-4745-8119-91C1FFA67EF7} = {937C74AB-35E1-43C7-B0A3-BF7F5C4C7688}
		{A8FE7191-8F64-4FCF-B92B-DADD2AEB5B52} = {937C74AB-35E1-43C7-B0A3-BF7F5C4C7688}
		{28920245-3D96-47F7-96F5-2476D9510341} = {4DEB1C24-1308-406F-BFE9-8719B7D2273C}
	EndGlobalSection
EndGlobal
